
Microsoft Visual Studio Solution File, Format Version 12.00
# Visual Studio 2012
Project("{FAE04EC0-301F-11D3-BF4B-00C04F79EFBC}") = "Accela", "Accela\Accela.csproj", "{C1F8DD7E-A820-4E63-A125-73F2BC1BA853}"
EndProject
Global
	GlobalSection(SolutionConfigurationPlatforms) = preSolution
		Debug|Any CPU = Debug|Any CPU
		Release|Any CPU = Release|Any CPU
	EndGlobalSection
	GlobalSection(ProjectConfigurationPlatforms) = postSolution
		{C1F8DD7E-A820-4E63-A125-73F2BC1BA853}.Debug|Any CPU.ActiveCfg = Debug|Any CPU
		{C1F8DD7E-A820-4E63-A125-73F2BC1BA853}.Debug|Any CPU.Build.0 = Debug|Any CPU
		{C1F8DD7E-A820-4E63-A125-73F2BC1BA853}.Release|Any CPU.ActiveCfg = Release|Any CPU
		{C1F8DD7E-A820-4E63-A125-73F2BC1BA853}.Release|Any CPU.Build.0 = Release|Any CPU
	EndGlobalSection
EndGlobal
